
Microsoft Visual Studio Solution File, Format Version 12.00
Project("{FAE04EC0-301F-11D3-BF4B-00C04F79EFBC}") = "VentrixeBookings", "VentrixeBookings\VentrixeBookings.csproj", "{BF90946F-FDC9-4608-95F1-BD0DC6F47BB5}"
EndProject
Global
	GlobalSection(SolutionConfigurationPlatforms) = preSolution
		Debug|Any CPU = Debug|Any CPU
		Release|Any CPU = Release|Any CPU
	EndGlobalSection
	GlobalSection(ProjectConfigurationPlatforms) = postSolution
		{BF90946F-FDC9-4608-95F1-BD0DC6F47BB5}.Debug|Any CPU.ActiveCfg = Debug|Any CPU
		{BF90946F-FDC9-4608-95F1-BD0DC6F47BB5}.Debug|Any CPU.Build.0 = Debug|Any CPU
		{BF90946F-FDC9-4608-95F1-BD0DC6F47BB5}.Release|Any CPU.ActiveCfg = Release|Any CPU
		{BF90946F-FDC9-4608-95F1-BD0DC6F47BB5}.Release|Any CPU.Build.0 = Release|Any CPU
	EndGlobalSection
EndGlobal
